
Microsoft Visual Studio Solution File, Format Version 12.00
# Visual Studio Version 16
VisualStudioVersion = 16.0.30104.148
MinimumVisualStudioVersion = 10.0.40219.1
Project("{FAE04EC0-301F-11D3-BF4B-00C04F79EFBC}") = "PhotoSite.Client", "PhotoSite.Client\PhotoSite.Client.csproj", "{3A913988-B66E-4037-A7BC-008D7C1F2716}"
EndProject
Global
	GlobalSection(SolutionConfigurationPlatforms) = preSolution
		Debug|Any CPU = Debug|Any CPU
		Release|Any CPU = Release|Any CPU
	EndGlobalSection
	GlobalSection(ProjectConfigurationPlatforms) = postSolution
		{3A913988-B66E-4037-A7BC-008D7C1F2716}.Debug|Any CPU.ActiveCfg = Debug|Any CPU
		{3A913988-B66E-4037-A7BC-008D7C1F2716}.Debug|Any CPU.Build.0 = Debug|Any CPU
		{3A913988-B66E-4037-A7BC-008D7C1F2716}.Release|Any CPU.ActiveCfg = Release|Any CPU
		{3A913988-B66E-4037-A7BC-008D7C1F2716}.Release|Any CPU.Build.0 = Release|Any CPU
	EndGlobalSection
	GlobalSection(SolutionProperties) = preSolution
		HideSolutionNode = FALSE
	EndGlobalSection
	GlobalSection(ExtensibilityGlobals) = postSolution
		SolutionGuid = {547722D9-82EB-4BB4-B0A3-3C458B7A930B}
	EndGlobalSection
EndGlobal
