
Microsoft Visual Studio Solution File, Format Version 12.00
# Visual Studio Version 16
VisualStudioVersion = 16.0.30104.148
MinimumVisualStudioVersion = 10.0.40219.1
Project("{9A19103F-16F7-4668-BE54-9A1E7A4F7556}") = "PhotoSite.ManagementBoard", "PhotoSite.ManagementBoard.csproj", "{3ADBFE2D-512A-4057-B05B-1753CEB212C7}"
EndProject
Project("{2150E333-8FDC-42A3-9474-1A3956D46DE8}") = "common", "common", "{40C29B63-2779-47AB-ADE5-D43677C5369A}"
EndProject
Project("{9A19103F-16F7-4668-BE54-9A1E7A4F7556}") = "PhotoSite.WebApi.Contract", "..\..\webapi\PhotoSite.WebApi.Contract\PhotoSite.WebApi.Contract.csproj", "{C2C4356D-BDC6-42B7-BEE2-A2E95B1805D6}"
EndProject
Global
	GlobalSection(SolutionConfigurationPlatforms) = preSolution
		Debug|Any CPU = Debug|Any CPU
		Release|Any CPU = Release|Any CPU
	EndGlobalSection
	GlobalSection(ProjectConfigurationPlatforms) = postSolution
		{3ADBFE2D-512A-4057-B05B-1753CEB212C7}.Debug|Any CPU.ActiveCfg = Debug|Any CPU
		{3ADBFE2D-512A-4057-B05B-1753CEB212C7}.Debug|Any CPU.Build.0 = Debug|Any CPU
		{3ADBFE2D-512A-4057-B05B-1753CEB212C7}.Release|Any CPU.ActiveCfg = Release|Any CPU
		{3ADBFE2D-512A-4057-B05B-1753CEB212C7}.Release|Any CPU.Build.0 = Release|Any CPU
		{C2C4356D-BDC6-42B7-BEE2-A2E95B1805D6}.Debug|Any CPU.ActiveCfg = Debug|Any CPU
		{C2C4356D-BDC6-42B7-BEE2-A2E95B1805D6}.Debug|Any CPU.Build.0 = Debug|Any CPU
		{C2C4356D-BDC6-42B7-BEE2-A2E95B1805D6}.Release|Any CPU.ActiveCfg = Release|Any CPU
		{C2C4356D-BDC6-42B7-BEE2-A2E95B1805D6}.Release|Any CPU.Build.0 = Release|Any CPU
	EndGlobalSection
	GlobalSection(SolutionProperties) = preSolution
		HideSolutionNode = FALSE
	EndGlobalSection
	GlobalSection(NestedProjects) = preSolution
		{C2C4356D-BDC6-42B7-BEE2-A2E95B1805D6} = {40C29B63-2779-47AB-ADE5-D43677C5369A}
	EndGlobalSection
	GlobalSection(ExtensibilityGlobals) = postSolution
		SolutionGuid = {C527D1D6-08E7-4C3C-AB71-4BD0D69D9CE1}
	EndGlobalSection
EndGlobal
